// !$*UTF8*$!
{
	archiveVersion = 1;
	classes = {
	};
	objectVersion = 52;
	objects = {

/* Begin PBXBuildFile section */
		3422C17F2495EB9000296A18 /* plant.gif in Resources */ = {isa = PBXBuildFile; fileRef = 3422C17D2495EB9000296A18 /* plant.gif */; };
		3422C1802495EB9000296A18 /* tide.gif in Resources */ = {isa = PBXBuildFile; fileRef = 3422C17E2495EB9000296A18 /* tide.gif */; };
		344A69B82496191D00B818A4 /* SourceHanSerif-Heavy.ttc in Resources */ = {isa = PBXBuildFile; fileRef = 344A69B72496191D00B818A4 /* SourceHanSerif-Heavy.ttc */; };
		344A69BA24961F7200B818A4 /* SourceHanSans-Medium.ttc in Resources */ = {isa = PBXBuildFile; fileRef = 344A69B924961F7100B818A4 /* SourceHanSans-Medium.ttc */; };
		344A69BC2496232800B818A4 /* SourceHanSans-Heavy.ttc in Resources */ = {isa = PBXBuildFile; fileRef = 344A69BB2496232800B818A4 /* SourceHanSans-Heavy.ttc */; };
		34673E8C2494E8CC00712F38 /* AppDelegate.swift in Sources */ = {isa = PBXBuildFile; fileRef = 34673E8B2494E8CC00712F38 /* AppDelegate.swift */; };
		34673E902494E8CC00712F38 /* ContentView.swift in Sources */ = {isa = PBXBuildFile; fileRef = 34673E8F2494E8CC00712F38 /* ContentView.swift */; };
		34673E922494E8D300712F38 /* Assets.xcassets in Resources */ = {isa = PBXBuildFile; fileRef = 34673E912494E8D300712F38 /* Assets.xcassets */; };
		34673E952494E8D300712F38 /* Preview Assets.xcassets in Resources */ = {isa = PBXBuildFile; fileRef = 34673E942494E8D300712F38 /* Preview Assets.xcassets */; };
		34673E982494E8D300712F38 /* LaunchScreen.storyboard in Resources */ = {isa = PBXBuildFile; fileRef = 34673E962494E8D300712F38 /* LaunchScreen.storyboard */; };
		3473C1CA24965A5D003C7321 /* plantfull.gif in Resources */ = {isa = PBXBuildFile; fileRef = 3473C1C924965A5D003C7321 /* plantfull.gif */; };
		B90E08D425305AD100635B8F /* InterpreterView.swift in Sources */ = {isa = PBXBuildFile; fileRef = B90E08D325305AD100635B8F /* InterpreterView.swift */; };
		B9261EBD253EAE5E008DE393 /* SwiftyJSON in Frameworks */ = {isa = PBXBuildFile; productRef = B9261EBC253EAE5E008DE393 /* SwiftyJSON */; };
		B946698F24A9D19D00C8402D /* ViewCardView.swift in Sources */ = {isa = PBXBuildFile; fileRef = B946698E24A9D19D00C8402D /* ViewCardView.swift */; };
		B9521E1625221B2400AC96EF /* SDWebImageSwiftUI in Frameworks */ = {isa = PBXBuildFile; productRef = B9521E1525221B2400AC96EF /* SDWebImageSwiftUI */; };
		B9624FE32536E7EE005840DC /* Lottie in Frameworks */ = {isa = PBXBuildFile; productRef = B9624FE22536E7EE005840DC /* Lottie */; };
		B9624FE92536E893005840DC /* ARCameraView.swift in Sources */ = {isa = PBXBuildFile; fileRef = B9624FE82536E893005840DC /* ARCameraView.swift */; };
		B96250112536EB05005840DC /* BasicPlant.rcproject in Sources */ = {isa = PBXBuildFile; fileRef = B96250102536EB04005840DC /* BasicPlant.rcproject */; };
		B96250162536EFBD005840DC /* SceneDelegate.swift in Sources */ = {isa = PBXBuildFile; fileRef = B96250152536EFBD005840DC /* SceneDelegate.swift */; };
		B962529324A391D4002BFE03 /* ShinyText.swift in Sources */ = {isa = PBXBuildFile; fileRef = B962529224A391D4002BFE03 /* ShinyText.swift */; };
		B962529524A3984B002BFE03 /* DFPHeiW12-GB.TTF in Resources */ = {isa = PBXBuildFile; fileRef = B962529424A3984B002BFE03 /* DFPHeiW12-GB.TTF */; };
		B970A5FA24A360A000B68189 /* ShinyStar.swift in Sources */ = {isa = PBXBuildFile; fileRef = B970A5F924A360A000B68189 /* ShinyStar.swift */; };
		B970A5FC24A3611A00B68189 /* Transitions.swift in Sources */ = {isa = PBXBuildFile; fileRef = B970A5FB24A3611A00B68189 /* Transitions.swift */; };
		B970A60024A361CD00B68189 /* ComplexCircleBackground.swift in Sources */ = {isa = PBXBuildFile; fileRef = B970A5FF24A361CD00B68189 /* ComplexCircleBackground.swift */; };
		B970A60224A3627700B68189 /* CardPageView.swift in Sources */ = {isa = PBXBuildFile; fileRef = B970A60124A3627700B68189 /* CardPageView.swift */; };
		B970A60424A362BF00B68189 /* MinePageView.swift in Sources */ = {isa = PBXBuildFile; fileRef = B970A60324A362BF00B68189 /* MinePageView.swift */; };
		B970A60624A3630C00B68189 /* LittleProgressBar.swift in Sources */ = {isa = PBXBuildFile; fileRef = B970A60524A3630C00B68189 /* LittleProgressBar.swift */; };
		B970A60824A3634300B68189 /* MainPageView.swift in Sources */ = {isa = PBXBuildFile; fileRef = B970A60724A3634300B68189 /* MainPageView.swift */; };
		B970A60A24A3704700B68189 /* CategoryView.swift in Sources */ = {isa = PBXBuildFile; fileRef = B970A60924A3704700B68189 /* CategoryView.swift */; };
		B970A60C24A370EE00B68189 /* SelectorView.swift in Sources */ = {isa = PBXBuildFile; fileRef = B970A60B24A370EE00B68189 /* SelectorView.swift */; };
		B970A60E24A3710A00B68189 /* PredictLightView.swift in Sources */ = {isa = PBXBuildFile; fileRef = B970A60D24A3710A00B68189 /* PredictLightView.swift */; };
		B984405B254072CD00E43C18 /* FileOperations.swift in Sources */ = {isa = PBXBuildFile; fileRef = B984405A254072CD00E43C18 /* FileOperations.swift */; };
		B994C6552520CD6A00320750 /* cute.gif in Resources */ = {isa = PBXBuildFile; fileRef = B994C6542520CD6A00320750 /* cute.gif */; };
		B994C6582520CF3E00320750 /* Contants.swift in Sources */ = {isa = PBXBuildFile; fileRef = B994C6572520CF3E00320750 /* Contants.swift */; };
		B99E59D5252FFEDF00F5E0A7 /* ImagePicker.swift in Sources */ = {isa = PBXBuildFile; fileRef = B99E59D4252FFEDF00F5E0A7 /* ImagePicker.swift */; };
		B9ED187B24A4ED9600327351 /* tudou.gif in Resources */ = {isa = PBXBuildFile; fileRef = B9ED187A24A4ED9600327351 /* tudou.gif */; };
		B9EE5ED824A459AA00D8C58F /* grown.gif in Resources */ = {isa = PBXBuildFile; fileRef = B9EE5ED624A459AA00D8C58F /* grown.gif */; };
		B9EE5ED924A459AA00D8C58F /* growing.gif in Resources */ = {isa = PBXBuildFile; fileRef = B9EE5ED724A459AA00D8C58F /* growing.gif */; };
		B9EE5EDB24A459F500D8C58F /* ShinyBackground.swift in Sources */ = {isa = PBXBuildFile; fileRef = B9EE5EDA24A459F500D8C58F /* ShinyBackground.swift */; };
/* End PBXBuildFile section */

/* Begin PBXFileReference section */
		3422C17D2495EB9000296A18 /* plant.gif */ = {isa = PBXFileReference; lastKnownFileType = image.gif; path = plant.gif; sourceTree = "<group>"; };
		3422C17E2495EB9000296A18 /* tide.gif */ = {isa = PBXFileReference; lastKnownFileType = image.gif; path = tide.gif; sourceTree = "<group>"; };
		344A69B72496191D00B818A4 /* SourceHanSerif-Heavy.ttc */ = {isa = PBXFileReference; lastKnownFileType = file; path = "SourceHanSerif-Heavy.ttc"; sourceTree = "<group>"; };
		344A69B924961F7100B818A4 /* SourceHanSans-Medium.ttc */ = {isa = PBXFileReference; lastKnownFileType = file; path = "SourceHanSans-Medium.ttc"; sourceTree = "<group>"; };
		344A69BB2496232800B818A4 /* SourceHanSans-Heavy.ttc */ = {isa = PBXFileReference; lastKnownFileType = file; path = "SourceHanSans-Heavy.ttc"; sourceTree = "<group>"; };
		34673E882494E8CC00712F38 /* TarotOfLight.app */ = {isa = PBXFileReference; explicitFileType = wrapper.application; includeInIndex = 0; path = TarotOfLight.app; sourceTree = BUILT_PRODUCTS_DIR; };
		34673E8B2494E8CC00712F38 /* AppDelegate.swift */ = {isa = PBXFileReference; lastKnownFileType = sourcecode.swift; path = AppDelegate.swift; sourceTree = "<group>"; };
		34673E8F2494E8CC00712F38 /* ContentView.swift */ = {isa = PBXFileReference; lastKnownFileType = sourcecode.swift; lineEnding = 0; path = ContentView.swift; sourceTree = "<group>"; };
		34673E912494E8D300712F38 /* Assets.xcassets */ = {isa = PBXFileReference; lastKnownFileType = folder.assetcatalog; path = Assets.xcassets; sourceTree = "<group>"; };
		34673E942494E8D300712F38 /* Preview Assets.xcassets */ = {isa = PBXFileReference; lastKnownFileType = folder.assetcatalog; path = "Preview Assets.xcassets"; sourceTree = "<group>"; };
		34673E972494E8D300712F38 /* Base */ = {isa = PBXFileReference; lastKnownFileType = file.storyboard; name = Base; path = Base.lproj/LaunchScreen.storyboard; sourceTree = "<group>"; };
		34673E992494E8D300712F38 /* Info.plist */ = {isa = PBXFileReference; lastKnownFileType = text.plist.xml; path = Info.plist; sourceTree = "<group>"; };
		3473C1C924965A5D003C7321 /* plantfull.gif */ = {isa = PBXFileReference; lastKnownFileType = image.gif; path = plantfull.gif; sourceTree = "<group>"; };
		B90E08D325305AD100635B8F /* InterpreterView.swift */ = {isa = PBXFileReference; lastKnownFileType = sourcecode.swift; path = InterpreterView.swift; sourceTree = "<group>"; };
		B946698E24A9D19D00C8402D /* ViewCardView.swift */ = {isa = PBXFileReference; lastKnownFileType = sourcecode.swift; path = ViewCardView.swift; sourceTree = "<group>"; };
		B9624FE82536E893005840DC /* ARCameraView.swift */ = {isa = PBXFileReference; lastKnownFileType = sourcecode.swift; path = ARCameraView.swift; sourceTree = "<group>"; };
		B962500C2536EA6F005840DC /* RealityKit.framework */ = {isa = PBXFileReference; lastKnownFileType = wrapper.framework; name = RealityKit.framework; path = System/Library/Frameworks/RealityKit.framework; sourceTree = SDKROOT; };
		B96250102536EB04005840DC /* BasicPlant.rcproject */ = {isa = PBXFileReference; lastKnownFileType = file.rcproject; path = BasicPlant.rcproject; sourceTree = "<group>"; };
		B96250152536EFBD005840DC /* SceneDelegate.swift */ = {isa = PBXFileReference; fileEncoding = 4; lastKnownFileType = sourcecode.swift; path = SceneDelegate.swift; sourceTree = "<group>"; };
		B962529224A391D4002BFE03 /* ShinyText.swift */ = {isa = PBXFileReference; lastKnownFileType = sourcecode.swift; path = ShinyText.swift; sourceTree = "<group>"; };
		B962529424A3984B002BFE03 /* DFPHeiW12-GB.TTF */ = {isa = PBXFileReference; lastKnownFileType = file; path = "DFPHeiW12-GB.TTF"; sourceTree = "<group>"; };
		B970A5F924A360A000B68189 /* ShinyStar.swift */ = {isa = PBXFileReference; lastKnownFileType = sourcecode.swift; path = ShinyStar.swift; sourceTree = "<group>"; };
		B970A5FB24A3611A00B68189 /* Transitions.swift */ = {isa = PBXFileReference; lastKnownFileType = sourcecode.swift; path = Transitions.swift; sourceTree = "<group>"; };
		B970A5FF24A361CD00B68189 /* ComplexCircleBackground.swift */ = {isa = PBXFileReference; lastKnownFileType = sourcecode.swift; path = ComplexCircleBackground.swift; sourceTree = "<group>"; };
		B970A60124A3627700B68189 /* CardPageView.swift */ = {isa = PBXFileReference; lastKnownFileType = sourcecode.swift; path = CardPageView.swift; sourceTree = "<group>"; };
		B970A60324A362BF00B68189 /* MinePageView.swift */ = {isa = PBXFileReference; lastKnownFileType = sourcecode.swift; path = MinePageView.swift; sourceTree = "<group>"; };
		B970A60524A3630C00B68189 /* LittleProgressBar.swift */ = {isa = PBXFileReference; lastKnownFileType = sourcecode.swift; path = LittleProgressBar.swift; sourceTree = "<group>"; };
		B970A60724A3634300B68189 /* MainPageView.swift */ = {isa = PBXFileReference; lastKnownFileType = sourcecode.swift; path = MainPageView.swift; sourceTree = "<group>"; };
		B970A60924A3704700B68189 /* CategoryView.swift */ = {isa = PBXFileReference; lastKnownFileType = sourcecode.swift; path = CategoryView.swift; sourceTree = "<group>"; };
		B970A60B24A370EE00B68189 /* SelectorView.swift */ = {isa = PBXFileReference; lastKnownFileType = sourcecode.swift; path = SelectorView.swift; sourceTree = "<group>"; };
		B970A60D24A3710A00B68189 /* PredictLightView.swift */ = {isa = PBXFileReference; lastKnownFileType = sourcecode.swift; path = PredictLightView.swift; sourceTree = "<group>"; };
		B984405A254072CD00E43C18 /* FileOperations.swift */ = {isa = PBXFileReference; lastKnownFileType = sourcecode.swift; path = FileOperations.swift; sourceTree = "<group>"; };
		B994C6542520CD6A00320750 /* cute.gif */ = {isa = PBXFileReference; lastKnownFileType = image.gif; path = cute.gif; sourceTree = "<group>"; };
		B994C6572520CF3E00320750 /* Contants.swift */ = {isa = PBXFileReference; lastKnownFileType = sourcecode.swift; path = Contants.swift; sourceTree = "<group>"; };
		B99E59D4252FFEDF00F5E0A7 /* ImagePicker.swift */ = {isa = PBXFileReference; lastKnownFileType = sourcecode.swift; path = ImagePicker.swift; sourceTree = "<group>"; };
		B9ED187A24A4ED9600327351 /* tudou.gif */ = {isa = PBXFileReference; lastKnownFileType = image.gif; path = tudou.gif; sourceTree = "<group>"; };
		B9EE5ED624A459AA00D8C58F /* grown.gif */ = {isa = PBXFileReference; lastKnownFileType = image.gif; path = grown.gif; sourceTree = "<group>"; };
		B9EE5ED724A459AA00D8C58F /* growing.gif */ = {isa = PBXFileReference; lastKnownFileType = image.gif; path = growing.gif; sourceTree = "<group>"; };
		B9EE5EDA24A459F500D8C58F /* ShinyBackground.swift */ = {isa = PBXFileReference; lastKnownFileType = sourcecode.swift; path = ShinyBackground.swift; sourceTree = "<group>"; };
/* End PBXFileReference section */

/* Begin PBXFrameworksBuildPhase section */
		34673E852494E8CC00712F38 /* Frameworks */ = {
			isa = PBXFrameworksBuildPhase;
			buildActionMask = 2147483647;
			files = (
				B9261EBD253EAE5E008DE393 /* SwiftyJSON in Frameworks */,
				B9521E1625221B2400AC96EF /* SDWebImageSwiftUI in Frameworks */,
				B9624FE32536E7EE005840DC /* Lottie in Frameworks */,
			);
			runOnlyForDeploymentPostprocessing = 0;
		};
/* End PBXFrameworksBuildPhase section */

/* Begin PBXGroup section */
		34673E7F2494E8CC00712F38 = {
			isa = PBXGroup;
			children = (
				34673E8A2494E8CC00712F38 /* TarotOfLight */,
				34673E892494E8CC00712F38 /* Products */,
				B9521E1425221B2400AC96EF /* Frameworks */,
			);
			sourceTree = "<group>";
		};
		34673E892494E8CC00712F38 /* Products */ = {
			isa = PBXGroup;
			children = (
				34673E882494E8CC00712F38 /* TarotOfLight.app */,
			);
			name = Products;
			sourceTree = "<group>";
		};
		34673E8A2494E8CC00712F38 /* TarotOfLight */ = {
			isa = PBXGroup;
			children = (
				B994C6542520CD6A00320750 /* cute.gif */,
				B9ED187A24A4ED9600327351 /* tudou.gif */,
				B9EE5ED724A459AA00D8C58F /* growing.gif */,
				B9EE5ED624A459AA00D8C58F /* grown.gif */,
				B962529424A3984B002BFE03 /* DFPHeiW12-GB.TTF */,
				34673E8B2494E8CC00712F38 /* AppDelegate.swift */,
				B96250152536EFBD005840DC /* SceneDelegate.swift */,
				3473C1C924965A5D003C7321 /* plantfull.gif */,
				344A69BB2496232800B818A4 /* SourceHanSans-Heavy.ttc */,
				344A69B924961F7100B818A4 /* SourceHanSans-Medium.ttc */,
				344A69B72496191D00B818A4 /* SourceHanSerif-Heavy.ttc */,
				3422C17E2495EB9000296A18 /* tide.gif */,
				3422C17D2495EB9000296A18 /* plant.gif */,
				34673E912494E8D300712F38 /* Assets.xcassets */,
				34673E962494E8D300712F38 /* LaunchScreen.storyboard */,
				34673E992494E8D300712F38 /* Info.plist */,
				34673E932494E8D300712F38 /* Preview Content */,
				34673E8F2494E8CC00712F38 /* ContentView.swift */,
				B970A60B24A370EE00B68189 /* SelectorView.swift */,
				B970A60D24A3710A00B68189 /* PredictLightView.swift */,
				B970A5F924A360A000B68189 /* ShinyStar.swift */,
				B970A5FB24A3611A00B68189 /* Transitions.swift */,
				B970A5FF24A361CD00B68189 /* ComplexCircleBackground.swift */,
				B970A60324A362BF00B68189 /* MinePageView.swift */,
				B99E59D4252FFEDF00F5E0A7 /* ImagePicker.swift */,
				B970A60524A3630C00B68189 /* LittleProgressBar.swift */,
				B970A60724A3634300B68189 /* MainPageView.swift */,
				B970A60124A3627700B68189 /* CardPageView.swift */,
				B962529224A391D4002BFE03 /* ShinyText.swift */,
				B9EE5EDA24A459F500D8C58F /* ShinyBackground.swift */,
				B9624FE82536E893005840DC /* ARCameraView.swift */,
				B96250102536EB04005840DC /* BasicPlant.rcproject */,
				B946698E24A9D19D00C8402D /* ViewCardView.swift */,
				B90E08D325305AD100635B8F /* InterpreterView.swift */,
				B970A60924A3704700B68189 /* CategoryView.swift */,
				B984405A254072CD00E43C18 /* FileOperations.swift */,
				B994C6572520CF3E00320750 /* Contants.swift */,
			);
			path = TarotOfLight;
			sourceTree = "<group>";
		};
		34673E932494E8D300712F38 /* Preview Content */ = {
			isa = PBXGroup;
			children = (
				34673E942494E8D300712F38 /* Preview Assets.xcassets */,
			);
			path = "Preview Content";
			sourceTree = "<group>";
		};
		B9521E1425221B2400AC96EF /* Frameworks */ = {
			isa = PBXGroup;
			children = (
				B962500C2536EA6F005840DC /* RealityKit.framework */,
			);
			name = Frameworks;
			sourceTree = "<group>";
		};
/* End PBXGroup section */

/* Begin PBXNativeTarget section */
		34673E872494E8CC00712F38 /* TarotOfLight */ = {
			isa = PBXNativeTarget;
			buildConfigurationList = 34673E9C2494E8D300712F38 /* Build configuration list for PBXNativeTarget "TarotOfLight" */;
			buildPhases = (
				34673E842494E8CC00712F38 /* Sources */,
				34673E852494E8CC00712F38 /* Frameworks */,
				34673E862494E8CC00712F38 /* Resources */,
			);
			buildRules = (
			);
			dependencies = (
			);
			name = TarotOfLight;
			packageProductDependencies = (
				B9521E1525221B2400AC96EF /* SDWebImageSwiftUI */,
				B9624FE22536E7EE005840DC /* Lottie */,
				B9261EBC253EAE5E008DE393 /* SwiftyJSON */,
			);
			productName = TarotOfLight;
			productReference = 34673E882494E8CC00712F38 /* TarotOfLight.app */;
			productType = "com.apple.product-type.application";
		};
/* End PBXNativeTarget section */

/* Begin PBXProject section */
		34673E802494E8CC00712F38 /* Project object */ = {
			isa = PBXProject;
			attributes = {
				LastSwiftUpdateCheck = 1150;
				LastUpgradeCheck = 1200;
				ORGANIZATIONNAME = xz;
				TargetAttributes = {
					34673E872494E8CC00712F38 = {
						CreatedOnToolsVersion = 11.5;
					};
				};
			};
			buildConfigurationList = 34673E832494E8CC00712F38 /* Build configuration list for PBXProject "TarotOfLight" */;
			compatibilityVersion = "Xcode 9.3";
			developmentRegion = en;
			hasScannedForEncodings = 0;
			knownRegions = (
				en,
				Base,
			);
			mainGroup = 34673E7F2494E8CC00712F38;
			packageReferences = (
				34673EA12495084600712F38 /* XCRemoteSwiftPackageReference "SDWebImageSwiftUI" */,
				B9624FE12536E7EE005840DC /* XCRemoteSwiftPackageReference "lottie-ios" */,
				B9261EBB253EAE5E008DE393 /* XCRemoteSwiftPackageReference "SwiftyJSON" */,
			);
			productRefGroup = 34673E892494E8CC00712F38 /* Products */;
			projectDirPath = "";
			projectRoot = "";
			targets = (
				34673E872494E8CC00712F38 /* TarotOfLight */,
			);
		};
/* End PBXProject section */

/* Begin PBXResourcesBuildPhase section */
		34673E862494E8CC00712F38 /* Resources */ = {
			isa = PBXResourcesBuildPhase;
			buildActionMask = 2147483647;
			files = (
				B962529524A3984B002BFE03 /* DFPHeiW12-GB.TTF in Resources */,
				34673E982494E8D300712F38 /* LaunchScreen.storyboard in Resources */,
				34673E952494E8D300712F38 /* Preview Assets.xcassets in Resources */,
				3473C1CA24965A5D003C7321 /* plantfull.gif in Resources */,
				B9ED187B24A4ED9600327351 /* tudou.gif in Resources */,
				B9EE5ED924A459AA00D8C58F /* growing.gif in Resources */,
				3422C17F2495EB9000296A18 /* plant.gif in Resources */,
				B9EE5ED824A459AA00D8C58F /* grown.gif in Resources */,
				344A69BA24961F7200B818A4 /* SourceHanSans-Medium.ttc in Resources */,
				3422C1802495EB9000296A18 /* tide.gif in Resources */,
				344A69B82496191D00B818A4 /* SourceHanSerif-Heavy.ttc in Resources */,
				B994C6552520CD6A00320750 /* cute.gif in Resources */,
				34673E922494E8D300712F38 /* Assets.xcassets in Resources */,
				344A69BC2496232800B818A4 /* SourceHanSans-Heavy.ttc in Resources */,
			);
			runOnlyForDeploymentPostprocessing = 0;
		};
/* End PBXResourcesBuildPhase section */

/* Begin PBXSourcesBuildPhase section */
		34673E842494E8CC00712F38 /* Sources */ = {
			isa = PBXSourcesBuildPhase;
			buildActionMask = 2147483647;
			files = (
				34673E8C2494E8CC00712F38 /* AppDelegate.swift in Sources */,
				B970A60224A3627700B68189 /* CardPageView.swift in Sources */,
				B970A60424A362BF00B68189 /* MinePageView.swift in Sources */,
				B99E59D5252FFEDF00F5E0A7 /* ImagePicker.swift in Sources */,
				B970A60824A3634300B68189 /* MainPageView.swift in Sources */,
				B9EE5EDB24A459F500D8C58F /* ShinyBackground.swift in Sources */,
				B970A60E24A3710A00B68189 /* PredictLightView.swift in Sources */,
				B970A60A24A3704700B68189 /* CategoryView.swift in Sources */,
				B96250162536EFBD005840DC /* SceneDelegate.swift in Sources */,
				B9624FE92536E893005840DC /* ARCameraView.swift in Sources */,
				B970A60C24A370EE00B68189 /* SelectorView.swift in Sources */,
				B994C6582520CF3E00320750 /* Contants.swift in Sources */,
				B970A5FC24A3611A00B68189 /* Transitions.swift in Sources */,
				B984405B254072CD00E43C18 /* FileOperations.swift in Sources */,
				B970A60024A361CD00B68189 /* ComplexCircleBackground.swift in Sources */,
				34673E902494E8CC00712F38 /* ContentView.swift in Sources */,
				B962529324A391D4002BFE03 /* ShinyText.swift in Sources */,
				B946698F24A9D19D00C8402D /* ViewCardView.swift in Sources */,
				B970A60624A3630C00B68189 /* LittleProgressBar.swift in Sources */,
				B96250112536EB05005840DC /* BasicPlant.rcproject in Sources */,
				B90E08D425305AD100635B8F /* InterpreterView.swift in Sources */,
				B970A5FA24A360A000B68189 /* ShinyStar.swift in Sources */,
			);
			runOnlyForDeploymentPostprocessing = 0;
		};
/* End PBXSourcesBuildPhase section */

/* Begin PBXVariantGroup section */
		34673E962494E8D300712F38 /* LaunchScreen.storyboard */ = {
			isa = PBXVariantGroup;
			children = (
				34673E972494E8D300712F38 /* Base */,
			);
			name = LaunchScreen.storyboard;
			sourceTree = "<group>";
		};
/* End PBXVariantGroup section */

/* Begin XCBuildConfiguration section */
		34673E9A2494E8D300712F38 /* Debug */ = {
			isa = XCBuildConfiguration;
			buildSettings = {
				ALWAYS_SEARCH_USER_PATHS = NO;
				CLANG_ANALYZER_NONNULL = YES;
				CLANG_ANALYZER_NUMBER_OBJECT_CONVERSION = YES_AGGRESSIVE;
				CLANG_CXX_LANGUAGE_STANDARD = "gnu++14";
				CLANG_CXX_LIBRARY = "libc++";
				CLANG_ENABLE_MODULES = YES;
				CLANG_ENABLE_OBJC_ARC = YES;
				CLANG_ENABLE_OBJC_WEAK = YES;
				CLANG_WARN_BLOCK_CAPTURE_AUTORELEASING = YES;
				CLANG_WARN_BOOL_CONVERSION = YES;
				CLANG_WARN_COMMA = YES;
				CLANG_WARN_CONSTANT_CONVERSION = YES;
				CLANG_WARN_DEPRECATED_OBJC_IMPLEMENTATIONS = YES;
				CLANG_WARN_DIRECT_OBJC_ISA_USAGE = YES_ERROR;
				CLANG_WARN_DOCUMENTATION_COMMENTS = YES;
				CLANG_WARN_EMPTY_BODY = YES;
				CLANG_WARN_ENUM_CONVERSION = YES;
				CLANG_WARN_INFINITE_RECURSION = YES;
				CLANG_WARN_INT_CONVERSION = YES;
				CLANG_WARN_NON_LITERAL_NULL_CONVERSION = YES;
				CLANG_WARN_OBJC_IMPLICIT_RETAIN_SELF = YES;
				CLANG_WARN_OBJC_LITERAL_CONVERSION = YES;
				CLANG_WARN_OBJC_ROOT_CLASS = YES_ERROR;
				CLANG_WARN_QUOTED_INCLUDE_IN_FRAMEWORK_HEADER = YES;
				CLANG_WARN_RANGE_LOOP_ANALYSIS = YES;
				CLANG_WARN_STRICT_PROTOTYPES = YES;
				CLANG_WARN_SUSPICIOUS_MOVE = YES;
				CLANG_WARN_UNGUARDED_AVAILABILITY = YES_AGGRESSIVE;
				CLANG_WARN_UNREACHABLE_CODE = YES;
				CLANG_WARN__DUPLICATE_METHOD_MATCH = YES;
				COPY_PHASE_STRIP = NO;
				DEBUG_INFORMATION_FORMAT = dwarf;
				ENABLE_STRICT_OBJC_MSGSEND = YES;
				ENABLE_TESTABILITY = YES;
				GCC_C_LANGUAGE_STANDARD = gnu11;
				GCC_DYNAMIC_NO_PIC = NO;
				GCC_NO_COMMON_BLOCKS = YES;
				GCC_OPTIMIZATION_LEVEL = 0;
				GCC_PREPROCESSOR_DEFINITIONS = (
					"DEBUG=1",
					"$(inherited)",
				);
				GCC_WARN_64_TO_32_BIT_CONVERSION = YES;
				GCC_WARN_ABOUT_RETURN_TYPE = YES_ERROR;
				GCC_WARN_UNDECLARED_SELECTOR = YES;
				GCC_WARN_UNINITIALIZED_AUTOS = YES_AGGRESSIVE;
				GCC_WARN_UNUSED_FUNCTION = YES;
				GCC_WARN_UNUSED_VARIABLE = YES;
				IPHONEOS_DEPLOYMENT_TARGET = 13.0;
				MTL_ENABLE_DEBUG_INFO = INCLUDE_SOURCE;
				MTL_FAST_MATH = YES;
				ONLY_ACTIVE_ARCH = YES;
				SDKROOT = iphoneos;
				SWIFT_ACTIVE_COMPILATION_CONDITIONS = DEBUG;
				SWIFT_OPTIMIZATION_LEVEL = "-Onone";
			};
			name = Debug;
		};
		34673E9B2494E8D300712F38 /* Release */ = {
			isa = XCBuildConfiguration;
			buildSettings = {
				ALWAYS_SEARCH_USER_PATHS = NO;
				CLANG_ANALYZER_NONNULL = YES;
				CLANG_ANALYZER_NUMBER_OBJECT_CONVERSION = YES_AGGRESSIVE;
				CLANG_CXX_LANGUAGE_STANDARD = "gnu++14";
				CLANG_CXX_LIBRARY = "libc++";
				CLANG_ENABLE_MODULES = YES;
				CLANG_ENABLE_OBJC_ARC = YES;
				CLANG_ENABLE_OBJC_WEAK = YES;
				CLANG_WARN_BLOCK_CAPTURE_AUTORELEASING = YES;
				CLANG_WARN_BOOL_CONVERSION = YES;
				CLANG_WARN_COMMA = YES;
				CLANG_WARN_CONSTANT_CONVERSION = YES;
				CLANG_WARN_DEPRECATED_OBJC_IMPLEMENTATIONS = YES;
				CLANG_WARN_DIRECT_OBJC_ISA_USAGE = YES_ERROR;
				CLANG_WARN_DOCUMENTATION_COMMENTS = YES;
				CLANG_WARN_EMPTY_BODY = YES;
				CLANG_WARN_ENUM_CONVERSION = YES;
				CLANG_WARN_INFINITE_RECURSION = YES;
				CLANG_WARN_INT_CONVERSION = YES;
				CLANG_WARN_NON_LITERAL_NULL_CONVERSION = YES;
				CLANG_WARN_OBJC_IMPLICIT_RETAIN_SELF = YES;
				CLANG_WARN_OBJC_LITERAL_CONVERSION = YES;
				CLANG_WARN_OBJC_ROOT_CLASS = YES_ERROR;
				CLANG_WARN_QUOTED_INCLUDE_IN_FRAMEWORK_HEADER = YES;
				CLANG_WARN_RANGE_LOOP_ANALYSIS = YES;
				CLANG_WARN_STRICT_PROTOTYPES = YES;
				CLANG_WARN_SUSPICIOUS_MOVE = YES;
				CLANG_WARN_UNGUARDED_AVAILABILITY = YES_AGGRESSIVE;
				CLANG_WARN_UNREACHABLE_CODE = YES;
				CLANG_WARN__DUPLICATE_METHOD_MATCH = YES;
				COPY_PHASE_STRIP = NO;
				DEBUG_INFORMATION_FORMAT = "dwarf-with-dsym";
				ENABLE_NS_ASSERTIONS = NO;
				ENABLE_STRICT_OBJC_MSGSEND = YES;
				GCC_C_LANGUAGE_STANDARD = gnu11;
				GCC_NO_COMMON_BLOCKS = YES;
				GCC_WARN_64_TO_32_BIT_CONVERSION = YES;
				GCC_WARN_ABOUT_RETURN_TYPE = YES_ERROR;
				GCC_WARN_UNDECLARED_SELECTOR = YES;
				GCC_WARN_UNINITIALIZED_AUTOS = YES_AGGRESSIVE;
				GCC_WARN_UNUSED_FUNCTION = YES;
				GCC_WARN_UNUSED_VARIABLE = YES;
				IPHONEOS_DEPLOYMENT_TARGET = 13.0;
				MTL_ENABLE_DEBUG_INFO = NO;
				MTL_FAST_MATH = YES;
				SDKROOT = iphoneos;
				SWIFT_COMPILATION_MODE = wholemodule;
				SWIFT_OPTIMIZATION_LEVEL = "-O";
				VALIDATE_PRODUCT = YES;
			};
			name = Release;
		};
		34673E9D2494E8D300712F38 /* Debug */ = {
			isa = XCBuildConfiguration;
			buildSettings = {
				ASSETCATALOG_COMPILER_APPICON_NAME = AppIcon;
				CODE_SIGN_STYLE = Automatic;
				DEVELOPMENT_ASSET_PATHS = "\"TarotOfLight/Preview Content\"";
				DEVELOPMENT_TEAM = 28Y62P3CPJ;
				ENABLE_PREVIEWS = YES;
				INFOPLIST_FILE = TarotOfLight/Info.plist;
				LD_RUNPATH_SEARCH_PATHS = (
					"$(inherited)",
					"@executable_path/Frameworks",
				);
				PRODUCT_BUNDLE_IDENTIFIER = xz.TarotOfLight;
				PRODUCT_NAME = "$(TARGET_NAME)";
				SWIFT_VERSION = 5.0;
				TARGETED_DEVICE_FAMILY = "1,2";
			};
			name = Debug;
		};
		34673E9E2494E8D300712F38 /* Release */ = {
			isa = XCBuildConfiguration;
			buildSettings = {
				ASSETCATALOG_COMPILER_APPICON_NAME = AppIcon;
				CODE_SIGN_STYLE = Automatic;
				DEVELOPMENT_ASSET_PATHS = "\"TarotOfLight/Preview Content\"";
				DEVELOPMENT_TEAM = 28Y62P3CPJ;
				ENABLE_PREVIEWS = YES;
				INFOPLIST_FILE = TarotOfLight/Info.plist;
				LD_RUNPATH_SEARCH_PATHS = (
					"$(inherited)",
					"@executable_path/Frameworks",
				);
				PRODUCT_BUNDLE_IDENTIFIER = xz.TarotOfLight;
				PRODUCT_NAME = "$(TARGET_NAME)";
				SWIFT_VERSION = 5.0;
				TARGETED_DEVICE_FAMILY = "1,2";
			};
			name = Release;
		};
/* End XCBuildConfiguration section */

/* Begin XCConfigurationList section */
		34673E832494E8CC00712F38 /* Build configuration list for PBXProject "TarotOfLight" */ = {
			isa = XCConfigurationList;
			buildConfigurations = (
				34673E9A2494E8D300712F38 /* Debug */,
				34673E9B2494E8D300712F38 /* Release */,
			);
			defaultConfigurationIsVisible = 0;
			defaultConfigurationName = Release;
		};
		34673E9C2494E8D300712F38 /* Build configuration list for PBXNativeTarget "TarotOfLight" */ = {
			isa = XCConfigurationList;
			buildConfigurations = (
				34673E9D2494E8D300712F38 /* Debug */,
				34673E9E2494E8D300712F38 /* Release */,
			);
			defaultConfigurationIsVisible = 0;
			defaultConfigurationName = Release;
		};
/* End XCConfigurationList section */

/* Begin XCRemoteSwiftPackageReference section */
		34673EA12495084600712F38 /* XCRemoteSwiftPackageReference "SDWebImageSwiftUI" */ = {
			isa = XCRemoteSwiftPackageReference;
			repositoryURL = "https://github.com/SDWebImage/SDWebImageSwiftUI";
			requirement = {
				kind = upToNextMajorVersion;
				minimumVersion = 1.5.0;
			};
		};
		B9261EBB253EAE5E008DE393 /* XCRemoteSwiftPackageReference "SwiftyJSON" */ = {
			isa = XCRemoteSwiftPackageReference;
			repositoryURL = "https://github.com/SwiftyJSON/SwiftyJSON.git";
			requirement = {
				branch = master;
				kind = branch;
			};
		};
		B9624FE12536E7EE005840DC /* XCRemoteSwiftPackageReference "lottie-ios" */ = {
			isa = XCRemoteSwiftPackageReference;
			repositoryURL = "https://github.com/airbnb/lottie-ios.git";
			requirement = {
				branch = master;
				kind = branch;
			};
		};
/* End XCRemoteSwiftPackageReference section */

/* Begin XCSwiftPackageProductDependency section */
		B9261EBC253EAE5E008DE393 /* SwiftyJSON */ = {
			isa = XCSwiftPackageProductDependency;
			package = B9261EBB253EAE5E008DE393 /* XCRemoteSwiftPackageReference "SwiftyJSON" */;
			productName = SwiftyJSON;
		};
		B9521E1525221B2400AC96EF /* SDWebImageSwiftUI */ = {
			isa = XCSwiftPackageProductDependency;
			package = 34673EA12495084600712F38 /* XCRemoteSwiftPackageReference "SDWebImageSwiftUI" */;
			productName = SDWebImageSwiftUI;
		};
		B9624FE22536E7EE005840DC /* Lottie */ = {
			isa = XCSwiftPackageProductDependency;
			package = B9624FE12536E7EE005840DC /* XCRemoteSwiftPackageReference "lottie-ios" */;
			productName = Lottie;
		};
/* End XCSwiftPackageProductDependency section */
	};
	rootObject = 34673E802494E8CC00712F38 /* Project object */;
}
