// !$*UTF8*$!
{
	archiveVersion = 1;
	classes = {
	};
	objectVersion = 50;
	objects = {

/* Begin PBXBuildFile section */
		B9624FF82536E943005840DC /* AppDelegate.swift in Sources */ = {isa = PBXBuildFile; fileRef = B9624FF72536E943005840DC /* AppDelegate.swift */; };
		B9624FFA2536E943005840DC /* ContentView.swift in Sources */ = {isa = PBXBuildFile; fileRef = B9624FF92536E943005840DC /* ContentView.swift */; };
		B9624FFC2536E943005840DC /* Experience.rcproject in Sources */ = {isa = PBXBuildFile; fileRef = B9624FFB2536E943005840DC /* Experience.rcproject */; };
		B9624FFE2536E945005840DC /* Assets.xcassets in Resources */ = {isa = PBXBuildFile; fileRef = B9624FFD2536E945005840DC /* Assets.xcassets */; };
		B96250012536E945005840DC /* Preview Assets.xcassets in Resources */ = {isa = PBXBuildFile; fileRef = B96250002536E945005840DC /* Preview Assets.xcassets */; };
		B96250042536E945005840DC /* LaunchScreen.storyboard in Resources */ = {isa = PBXBuildFile; fileRef = B96250022536E945005840DC /* LaunchScreen.storyboard */; };
		B962501D2536F37F005840DC /* BasicPlant.rcproject in Sources */ = {isa = PBXBuildFile; fileRef = B962501C2536F37F005840DC /* BasicPlant.rcproject */; };
/* End PBXBuildFile section */

/* Begin PBXFileReference section */
		B9624FF42536E943005840DC /* DummyAR.app */ = {isa = PBXFileReference; explicitFileType = wrapper.application; includeInIndex = 0; path = DummyAR.app; sourceTree = BUILT_PRODUCTS_DIR; };
		B9624FF72536E943005840DC /* AppDelegate.swift */ = {isa = PBXFileReference; lastKnownFileType = sourcecode.swift; path = AppDelegate.swift; sourceTree = "<group>"; };
		B9624FF92536E943005840DC /* ContentView.swift */ = {isa = PBXFileReference; lastKnownFileType = sourcecode.swift; path = ContentView.swift; sourceTree = "<group>"; };
		B9624FFB2536E943005840DC /* Experience.rcproject */ = {isa = PBXFileReference; lastKnownFileType = file.rcproject; path = Experience.rcproject; sourceTree = "<group>"; };
		B9624FFD2536E945005840DC /* Assets.xcassets */ = {isa = PBXFileReference; lastKnownFileType = folder.assetcatalog; path = Assets.xcassets; sourceTree = "<group>"; };
		B96250002536E945005840DC /* Preview Assets.xcassets */ = {isa = PBXFileReference; lastKnownFileType = folder.assetcatalog; path = "Preview Assets.xcassets"; sourceTree = "<group>"; };
		B96250032536E945005840DC /* Base */ = {isa = PBXFileReference; lastKnownFileType = file.storyboard; name = Base; path = Base.lproj/LaunchScreen.storyboard; sourceTree = "<group>"; };
		B96250052536E945005840DC /* Info.plist */ = {isa = PBXFileReference; lastKnownFileType = text.plist.xml; path = Info.plist; sourceTree = "<group>"; };
		B962501C2536F37F005840DC /* BasicPlant.rcproject */ = {isa = PBXFileReference; lastKnownFileType = file.rcproject; name = BasicPlant.rcproject; path = ../../TarotOfLight/BasicPlant.rcproject; sourceTree = "<group>"; };
/* End PBXFileReference section */

/* Begin PBXFrameworksBuildPhase section */
		B9624FF12536E943005840DC /* Frameworks */ = {
			isa = PBXFrameworksBuildPhase;
			buildActionMask = 2147483647;
			files = (
			);
			runOnlyForDeploymentPostprocessing = 0;
		};
/* End PBXFrameworksBuildPhase section */

/* Begin PBXGroup section */
		B9624FEB2536E943005840DC = {
			isa = PBXGroup;
			children = (
				B9624FF62536E943005840DC /* DummyAR */,
				B9624FF52536E943005840DC /* Products */,
			);
			sourceTree = "<group>";
		};
		B9624FF52536E943005840DC /* Products */ = {
			isa = PBXGroup;
			children = (
				B9624FF42536E943005840DC /* DummyAR.app */,
			);
			name = Products;
			sourceTree = "<group>";
		};
		B9624FF62536E943005840DC /* DummyAR */ = {
			isa = PBXGroup;
			children = (
				B9624FF72536E943005840DC /* AppDelegate.swift */,
				B9624FF92536E943005840DC /* ContentView.swift */,
				B9624FFB2536E943005840DC /* Experience.rcproject */,
				B962501C2536F37F005840DC /* BasicPlant.rcproject */,
				B9624FFD2536E945005840DC /* Assets.xcassets */,
				B96250022536E945005840DC /* LaunchScreen.storyboard */,
				B96250052536E945005840DC /* Info.plist */,
				B9624FFF2536E945005840DC /* Preview Content */,
			);
			path = DummyAR;
			sourceTree = "<group>";
		};
		B9624FFF2536E945005840DC /* Preview Content */ = {
			isa = PBXGroup;
			children = (
				B96250002536E945005840DC /* Preview Assets.xcassets */,
			);
			path = "Preview Content";
			sourceTree = "<group>";
		};
/* End PBXGroup section */

/* Begin PBXNativeTarget section */
		B9624FF32536E943005840DC /* DummyAR */ = {
			isa = PBXNativeTarget;
			buildConfigurationList = B96250082536E945005840DC /* Build configuration list for PBXNativeTarget "DummyAR" */;
			buildPhases = (
				B9624FF02536E943005840DC /* Sources */,
				B9624FF12536E943005840DC /* Frameworks */,
				B9624FF22536E943005840DC /* Resources */,
			);
			buildRules = (
			);
			dependencies = (
			);
			name = DummyAR;
			productName = DummyAR;
			productReference = B9624FF42536E943005840DC /* DummyAR.app */;
			productType = "com.apple.product-type.application";
		};
/* End PBXNativeTarget section */

/* Begin PBXProject section */
		B9624FEC2536E943005840DC /* Project object */ = {
			isa = PBXProject;
			attributes = {
				LastSwiftUpdateCheck = 1200;
				LastUpgradeCheck = 1200;
				TargetAttributes = {
					B9624FF32536E943005840DC = {
						CreatedOnToolsVersion = 12.0;
					};
				};
			};
			buildConfigurationList = B9624FEF2536E943005840DC /* Build configuration list for PBXProject "DummyAR" */;
			compatibilityVersion = "Xcode 9.3";
			developmentRegion = en;
			hasScannedForEncodings = 0;
			knownRegions = (
				en,
				Base,
			);
			mainGroup = B9624FEB2536E943005840DC;
			productRefGroup = B9624FF52536E943005840DC /* Products */;
			projectDirPath = "";
			projectRoot = "";
			targets = (
				B9624FF32536E943005840DC /* DummyAR */,
			);
		};
/* End PBXProject section */

/* Begin PBXResourcesBuildPhase section */
		B9624FF22536E943005840DC /* Resources */ = {
			isa = PBXResourcesBuildPhase;
			buildActionMask = 2147483647;
			files = (
				B96250042536E945005840DC /* LaunchScreen.storyboard in Resources */,
				B96250012536E945005840DC /* Preview Assets.xcassets in Resources */,
				B9624FFE2536E945005840DC /* Assets.xcassets in Resources */,
			);
			runOnlyForDeploymentPostprocessing = 0;
		};
/* End PBXResourcesBuildPhase section */

/* Begin PBXSourcesBuildPhase section */
		B9624FF02536E943005840DC /* Sources */ = {
			isa = PBXSourcesBuildPhase;
			buildActionMask = 2147483647;
			files = (
				B9624FFA2536E943005840DC /* ContentView.swift in Sources */,
				B9624FF82536E943005840DC /* AppDelegate.swift in Sources */,
				B9624FFC2536E943005840DC /* Experience.rcproject in Sources */,
				B962501D2536F37F005840DC /* BasicPlant.rcproject in Sources */,
			);
			runOnlyForDeploymentPostprocessing = 0;
		};
/* End PBXSourcesBuildPhase section */

/* Begin PBXVariantGroup section */
		B96250022536E945005840DC /* LaunchScreen.storyboard */ = {
			isa = PBXVariantGroup;
			children = (
				B96250032536E945005840DC /* Base */,
			);
			name = LaunchScreen.storyboard;
			sourceTree = "<group>";
		};
/* End PBXVariantGroup section */

/* Begin XCBuildConfiguration section */
		B96250062536E945005840DC /* Debug */ = {
			isa = XCBuildConfiguration;
			buildSettings = {
				ALWAYS_SEARCH_USER_PATHS = NO;
				CLANG_ANALYZER_NONNULL = YES;
				CLANG_ANALYZER_NUMBER_OBJECT_CONVERSION = YES_AGGRESSIVE;
				CLANG_CXX_LANGUAGE_STANDARD = "gnu++14";
				CLANG_CXX_LIBRARY = "libc++";
				CLANG_ENABLE_MODULES = YES;
				CLANG_ENABLE_OBJC_ARC = YES;
				CLANG_ENABLE_OBJC_WEAK = YES;
				CLANG_WARN_BLOCK_CAPTURE_AUTORELEASING = YES;
				CLANG_WARN_BOOL_CONVERSION = YES;
				CLANG_WARN_COMMA = YES;
				CLANG_WARN_CONSTANT_CONVERSION = YES;
				CLANG_WARN_DEPRECATED_OBJC_IMPLEMENTATIONS = YES;
				CLANG_WARN_DIRECT_OBJC_ISA_USAGE = YES_ERROR;
				CLANG_WARN_DOCUMENTATION_COMMENTS = YES;
				CLANG_WARN_EMPTY_BODY = YES;
				CLANG_WARN_ENUM_CONVERSION = YES;
				CLANG_WARN_INFINITE_RECURSION = YES;
				CLANG_WARN_INT_CONVERSION = YES;
				CLANG_WARN_NON_LITERAL_NULL_CONVERSION = YES;
				CLANG_WARN_OBJC_IMPLICIT_RETAIN_SELF = YES;
				CLANG_WARN_OBJC_LITERAL_CONVERSION = YES;
				CLANG_WARN_OBJC_ROOT_CLASS = YES_ERROR;
				CLANG_WARN_QUOTED_INCLUDE_IN_FRAMEWORK_HEADER = YES;
				CLANG_WARN_RANGE_LOOP_ANALYSIS = YES;
				CLANG_WARN_STRICT_PROTOTYPES = YES;
				CLANG_WARN_SUSPICIOUS_MOVE = YES;
				CLANG_WARN_UNGUARDED_AVAILABILITY = YES_AGGRESSIVE;
				CLANG_WARN_UNREACHABLE_CODE = YES;
				CLANG_WARN__DUPLICATE_METHOD_MATCH = YES;
				COPY_PHASE_STRIP = NO;
				DEBUG_INFORMATION_FORMAT = dwarf;
				ENABLE_STRICT_OBJC_MSGSEND = YES;
				ENABLE_TESTABILITY = YES;
				GCC_C_LANGUAGE_STANDARD = gnu11;
				GCC_DYNAMIC_NO_PIC = NO;
				GCC_NO_COMMON_BLOCKS = YES;
				GCC_OPTIMIZATION_LEVEL = 0;
				GCC_PREPROCESSOR_DEFINITIONS = (
					"DEBUG=1",
					"$(inherited)",
				);
				GCC_WARN_64_TO_32_BIT_CONVERSION = YES;
				GCC_WARN_ABOUT_RETURN_TYPE = YES_ERROR;
				GCC_WARN_UNDECLARED_SELECTOR = YES;
				GCC_WARN_UNINITIALIZED_AUTOS = YES_AGGRESSIVE;
				GCC_WARN_UNUSED_FUNCTION = YES;
				GCC_WARN_UNUSED_VARIABLE = YES;
				IPHONEOS_DEPLOYMENT_TARGET = 14.0;
				MTL_ENABLE_DEBUG_INFO = INCLUDE_SOURCE;
				MTL_FAST_MATH = YES;
				ONLY_ACTIVE_ARCH = YES;
				SDKROOT = iphoneos;
				SWIFT_ACTIVE_COMPILATION_CONDITIONS = DEBUG;
				SWIFT_OPTIMIZATION_LEVEL = "-Onone";
			};
			name = Debug;
		};
		B96250072536E945005840DC /* Release */ = {
			isa = XCBuildConfiguration;
			buildSettings = {
				ALWAYS_SEARCH_USER_PATHS = NO;
				CLANG_ANALYZER_NONNULL = YES;
				CLANG_ANALYZER_NUMBER_OBJECT_CONVERSION = YES_AGGRESSIVE;
				CLANG_CXX_LANGUAGE_STANDARD = "gnu++14";
				CLANG_CXX_LIBRARY = "libc++";
				CLANG_ENABLE_MODULES = YES;
				CLANG_ENABLE_OBJC_ARC = YES;
				CLANG_ENABLE_OBJC_WEAK = YES;
				CLANG_WARN_BLOCK_CAPTURE_AUTORELEASING = YES;
				CLANG_WARN_BOOL_CONVERSION = YES;
				CLANG_WARN_COMMA = YES;
				CLANG_WARN_CONSTANT_CONVERSION = YES;
				CLANG_WARN_DEPRECATED_OBJC_IMPLEMENTATIONS = YES;
				CLANG_WARN_DIRECT_OBJC_ISA_USAGE = YES_ERROR;
				CLANG_WARN_DOCUMENTATION_COMMENTS = YES;
				CLANG_WARN_EMPTY_BODY = YES;
				CLANG_WARN_ENUM_CONVERSION = YES;
				CLANG_WARN_INFINITE_RECURSION = YES;
				CLANG_WARN_INT_CONVERSION = YES;
				CLANG_WARN_NON_LITERAL_NULL_CONVERSION = YES;
				CLANG_WARN_OBJC_IMPLICIT_RETAIN_SELF = YES;
				CLANG_WARN_OBJC_LITERAL_CONVERSION = YES;
				CLANG_WARN_OBJC_ROOT_CLASS = YES_ERROR;
				CLANG_WARN_QUOTED_INCLUDE_IN_FRAMEWORK_HEADER = YES;
				CLANG_WARN_RANGE_LOOP_ANALYSIS = YES;
				CLANG_WARN_STRICT_PROTOTYPES = YES;
				CLANG_WARN_SUSPICIOUS_MOVE = YES;
				CLANG_WARN_UNGUARDED_AVAILABILITY = YES_AGGRESSIVE;
				CLANG_WARN_UNREACHABLE_CODE = YES;
				CLANG_WARN__DUPLICATE_METHOD_MATCH = YES;
				COPY_PHASE_STRIP = NO;
				DEBUG_INFORMATION_FORMAT = "dwarf-with-dsym";
				ENABLE_NS_ASSERTIONS = NO;
				ENABLE_STRICT_OBJC_MSGSEND = YES;
				GCC_C_LANGUAGE_STANDARD = gnu11;
				GCC_NO_COMMON_BLOCKS = YES;
				GCC_WARN_64_TO_32_BIT_CONVERSION = YES;
				GCC_WARN_ABOUT_RETURN_TYPE = YES_ERROR;
				GCC_WARN_UNDECLARED_SELECTOR = YES;
				GCC_WARN_UNINITIALIZED_AUTOS = YES_AGGRESSIVE;
				GCC_WARN_UNUSED_FUNCTION = YES;
				GCC_WARN_UNUSED_VARIABLE = YES;
				IPHONEOS_DEPLOYMENT_TARGET = 14.0;
				MTL_ENABLE_DEBUG_INFO = NO;
				MTL_FAST_MATH = YES;
				SDKROOT = iphoneos;
				SWIFT_COMPILATION_MODE = wholemodule;
				SWIFT_OPTIMIZATION_LEVEL = "-O";
				VALIDATE_PRODUCT = YES;
			};
			name = Release;
		};
		B96250092536E945005840DC /* Debug */ = {
			isa = XCBuildConfiguration;
			buildSettings = {
				ASSETCATALOG_COMPILER_APPICON_NAME = AppIcon;
				ASSETCATALOG_COMPILER_GLOBAL_ACCENT_COLOR_NAME = AccentColor;
				CODE_SIGN_STYLE = Automatic;
				DEVELOPMENT_ASSET_PATHS = "\"DummyAR/Preview Content\"";
				DEVELOPMENT_TEAM = 28Y62P3CPJ;
				ENABLE_PREVIEWS = YES;
				INFOPLIST_FILE = DummyAR/Info.plist;
				LD_RUNPATH_SEARCH_PATHS = (
					"$(inherited)",
					"@executable_path/Frameworks",
				);
				PRODUCT_BUNDLE_IDENTIFIER = xz.DummyAR;
				PRODUCT_NAME = "$(TARGET_NAME)";
				SWIFT_VERSION = 5.0;
				TARGETED_DEVICE_FAMILY = "1,2";
			};
			name = Debug;
		};
		B962500A2536E945005840DC /* Release */ = {
			isa = XCBuildConfiguration;
			buildSettings = {
				ASSETCATALOG_COMPILER_APPICON_NAME = AppIcon;
				ASSETCATALOG_COMPILER_GLOBAL_ACCENT_COLOR_NAME = AccentColor;
				CODE_SIGN_STYLE = Automatic;
				DEVELOPMENT_ASSET_PATHS = "\"DummyAR/Preview Content\"";
				DEVELOPMENT_TEAM = 28Y62P3CPJ;
				ENABLE_PREVIEWS = YES;
				INFOPLIST_FILE = DummyAR/Info.plist;
				LD_RUNPATH_SEARCH_PATHS = (
					"$(inherited)",
					"@executable_path/Frameworks",
				);
				PRODUCT_BUNDLE_IDENTIFIER = xz.DummyAR;
				PRODUCT_NAME = "$(TARGET_NAME)";
				SWIFT_VERSION = 5.0;
				TARGETED_DEVICE_FAMILY = "1,2";
			};
			name = Release;
		};
/* End XCBuildConfiguration section */

/* Begin XCConfigurationList section */
		B9624FEF2536E943005840DC /* Build configuration list for PBXProject "DummyAR" */ = {
			isa = XCConfigurationList;
			buildConfigurations = (
				B96250062536E945005840DC /* Debug */,
				B96250072536E945005840DC /* Release */,
			);
			defaultConfigurationIsVisible = 0;
			defaultConfigurationName = Release;
		};
		B96250082536E945005840DC /* Build configuration list for PBXNativeTarget "DummyAR" */ = {
			isa = XCConfigurationList;
			buildConfigurations = (
				B96250092536E945005840DC /* Debug */,
				B962500A2536E945005840DC /* Release */,
			);
			defaultConfigurationIsVisible = 0;
			defaultConfigurationName = Release;
		};
/* End XCConfigurationList section */
	};
	rootObject = B9624FEC2536E943005840DC /* Project object */;
}
